
Microsoft Visual Studio Solution File, Format Version 12.00
# Visual Studio Version 17
VisualStudioVersion = 17.4.33122.133
MinimumVisualStudioVersion = 10.0.40219.1
Project("{FAE04EC0-301F-11D3-BF4B-00C04F79EFBC}") = "MyRoslynAnalyzer", "MyRoslynAnalyzer\MyRoslynAnalyzer.csproj", "{A8307CDE-8C52-45FE-BEF3-D2A483C5647A}"
EndProject
Project("{FAE04EC0-301F-11D3-BF4B-00C04F79EFBC}") = "MyRoslynAnalyzer.CodeFixes", "MyRoslynAnalyzer.CodeFixes\MyRoslynAnalyzer.CodeFixes.csproj", "{80870D4A-FA87-41FC-A931-952142332D89}"
EndProject
Project("{FAE04EC0-301F-11D3-BF4B-00C04F79EFBC}") = "MyRoslynAnalyzer.Package", "MyRoslynAnalyzer.Package\MyRoslynAnalyzer.Package.csproj", "{2294E8E3-A597-4146-A15C-D79DBA2729A5}"
EndProject
Project("{FAE04EC0-301F-11D3-BF4B-00C04F79EFBC}") = "MyRoslynAnalyzer.Test", "MyRoslynAnalyzer.Test\MyRoslynAnalyzer.Test.csproj", "{02C4D66F-0DC0-40B1-913B-C4B8663D936C}"
EndProject
Project("{FAE04EC0-301F-11D3-BF4B-00C04F79EFBC}") = "MyRoslynAnalyzer.Vsix", "MyRoslynAnalyzer.Vsix\MyRoslynAnalyzer.Vsix.csproj", "{D6F9232D-B750-4B55-A633-3F5E2E6578C6}"
EndProject
Global
	GlobalSection(SolutionConfigurationPlatforms) = preSolution
		Debug|Any CPU = Debug|Any CPU
		Release|Any CPU = Release|Any CPU
	EndGlobalSection
	GlobalSection(ProjectConfigurationPlatforms) = postSolution
		{A8307CDE-8C52-45FE-BEF3-D2A483C5647A}.Debug|Any CPU.ActiveCfg = Debug|Any CPU
		{A8307CDE-8C52-45FE-BEF3-D2A483C5647A}.Debug|Any CPU.Build.0 = Debug|Any CPU
		{A8307CDE-8C52-45FE-BEF3-D2A483C5647A}.Release|Any CPU.ActiveCfg = Release|Any CPU
		{A8307CDE-8C52-45FE-BEF3-D2A483C5647A}.Release|Any CPU.Build.0 = Release|Any CPU
		{80870D4A-FA87-41FC-A931-952142332D89}.Debug|Any CPU.ActiveCfg = Debug|Any CPU
		{80870D4A-FA87-41FC-A931-952142332D89}.Debug|Any CPU.Build.0 = Debug|Any CPU
		{80870D4A-FA87-41FC-A931-952142332D89}.Release|Any CPU.ActiveCfg = Release|Any CPU
		{80870D4A-FA87-41FC-A931-952142332D89}.Release|Any CPU.Build.0 = Release|Any CPU
		{2294E8E3-A597-4146-A15C-D79DBA2729A5}.Debug|Any CPU.ActiveCfg = Debug|Any CPU
		{2294E8E3-A597-4146-A15C-D79DBA2729A5}.Debug|Any CPU.Build.0 = Debug|Any CPU
		{2294E8E3-A597-4146-A15C-D79DBA2729A5}.Release|Any CPU.ActiveCfg = Release|Any CPU
		{2294E8E3-A597-4146-A15C-D79DBA2729A5}.Release|Any CPU.Build.0 = Release|Any CPU
		{02C4D66F-0DC0-40B1-913B-C4B8663D936C}.Debug|Any CPU.ActiveCfg = Debug|Any CPU
		{02C4D66F-0DC0-40B1-913B-C4B8663D936C}.Debug|Any CPU.Build.0 = Debug|Any CPU
		{02C4D66F-0DC0-40B1-913B-C4B8663D936C}.Release|Any CPU.ActiveCfg = Release|Any CPU
		{02C4D66F-0DC0-40B1-913B-C4B8663D936C}.Release|Any CPU.Build.0 = Release|Any CPU
		{D6F9232D-B750-4B55-A633-3F5E2E6578C6}.Debug|Any CPU.ActiveCfg = Debug|Any CPU
		{D6F9232D-B750-4B55-A633-3F5E2E6578C6}.Debug|Any CPU.Build.0 = Debug|Any CPU
		{D6F9232D-B750-4B55-A633-3F5E2E6578C6}.Release|Any CPU.ActiveCfg = Release|Any CPU
		{D6F9232D-B750-4B55-A633-3F5E2E6578C6}.Release|Any CPU.Build.0 = Release|Any CPU
	EndGlobalSection
	GlobalSection(SolutionProperties) = preSolution
		HideSolutionNode = FALSE
	EndGlobalSection
	GlobalSection(ExtensibilityGlobals) = postSolution
		SolutionGuid = {C4712965-EF94-4823-81DF-EFEC523F46B3}
	EndGlobalSection
EndGlobal
